
Microsoft Visual Studio Solution File, Format Version 12.00
# Visual Studio Version 17
VisualStudioVersion = 17.5.002.0
MinimumVisualStudioVersion = 10.0.40219.1
Project("{9A19103F-16F7-4668-BE54-9A1E7A4F7556}") = "AzureDevops_FirstProject", "AzureDevops_FirstProject.csproj", "{ED3D5153-4BDF-4DC8-9814-BD44C8352C05}"
EndProject
Global
	GlobalSection(SolutionConfigurationPlatforms) = preSolution
		Debug|Any CPU = Debug|Any CPU
		Release|Any CPU = Release|Any CPU
	EndGlobalSection
	GlobalSection(ProjectConfigurationPlatforms) = postSolution
		{ED3D5153-4BDF-4DC8-9814-BD44C8352C05}.Debug|Any CPU.ActiveCfg = Debug|Any CPU
		{ED3D5153-4BDF-4DC8-9814-BD44C8352C05}.Debug|Any CPU.Build.0 = Debug|Any CPU
		{ED3D5153-4BDF-4DC8-9814-BD44C8352C05}.Release|Any CPU.ActiveCfg = Release|Any CPU
		{ED3D5153-4BDF-4DC8-9814-BD44C8352C05}.Release|Any CPU.Build.0 = Release|Any CPU
	EndGlobalSection
	GlobalSection(SolutionProperties) = preSolution
		HideSolutionNode = FALSE
	EndGlobalSection
	GlobalSection(ExtensibilityGlobals) = postSolution
		SolutionGuid = {686F0CC3-9433-4AB1-A4FC-0287AE2EB47A}
	EndGlobalSection
EndGlobal
